// !$*UTF8*$!
{
	archiveVersion = 1;
	classes = {
	};
	objectVersion = 46;
	objects = {

/* Begin PBXBuildFile section */
		8901BDDD1C114490004F7E81 /* UIImageView+CoreYYWebImage.m in Sources */ = {isa = PBXBuildFile; fileRef = 8901BDB31C114490004F7E81 /* UIImageView+CoreYYWebImage.m */; };
		8901BDDE1C114490004F7E81 /* YYCache.m in Sources */ = {isa = PBXBuildFile; fileRef = 8901BDB71C114490004F7E81 /* YYCache.m */; };
		8901BDDF1C114490004F7E81 /* YYDiskCache.m in Sources */ = {isa = PBXBuildFile; fileRef = 8901BDB91C114490004F7E81 /* YYDiskCache.m */; };
		8901BDE01C114490004F7E81 /* YYKVStorage.m in Sources */ = {isa = PBXBuildFile; fileRef = 8901BDBB1C114490004F7E81 /* YYKVStorage.m */; };
		8901BDE11C114490004F7E81 /* YYMemoryCache.m in Sources */ = {isa = PBXBuildFile; fileRef = 8901BDBD1C114490004F7E81 /* YYMemoryCache.m */; };
		8901BDE21C114490004F7E81 /* _YYWebImageSetter.m in Sources */ = {isa = PBXBuildFile; fileRef = 8901BDC01C114490004F7E81 /* _YYWebImageSetter.m */; };
		8901BDE31C114490004F7E81 /* CALayer+YYWebImage.m in Sources */ = {isa = PBXBuildFile; fileRef = 8901BDC21C114490004F7E81 /* CALayer+YYWebImage.m */; };
		8901BDE41C114490004F7E81 /* MKAnnotationView+YYWebImage.m in Sources */ = {isa = PBXBuildFile; fileRef = 8901BDC41C114490004F7E81 /* MKAnnotationView+YYWebImage.m */; };
		8901BDE51C114490004F7E81 /* UIButton+YYWebImage.m in Sources */ = {isa = PBXBuildFile; fileRef = 8901BDC61C114490004F7E81 /* UIButton+YYWebImage.m */; };
		8901BDE61C114490004F7E81 /* UIImage+YYWebImage.m in Sources */ = {isa = PBXBuildFile; fileRef = 8901BDC81C114490004F7E81 /* UIImage+YYWebImage.m */; };
		8901BDE71C114490004F7E81 /* UIImageView+YYWebImage.m in Sources */ = {isa = PBXBuildFile; fileRef = 8901BDCA1C114490004F7E81 /* UIImageView+YYWebImage.m */; };
		8901BDE81C114490004F7E81 /* YYAnimatedImageView.m in Sources */ = {isa = PBXBuildFile; fileRef = 8901BDCD1C114490004F7E81 /* YYAnimatedImageView.m */; };
		8901BDE91C114490004F7E81 /* YYFrameImage.m in Sources */ = {isa = PBXBuildFile; fileRef = 8901BDCF1C114490004F7E81 /* YYFrameImage.m */; };
		8901BDEA1C114490004F7E81 /* YYImage.m in Sources */ = {isa = PBXBuildFile; fileRef = 8901BDD11C114490004F7E81 /* YYImage.m */; };
		8901BDEB1C114490004F7E81 /* YYImageCoder.m in Sources */ = {isa = PBXBuildFile; fileRef = 8901BDD31C114490004F7E81 /* YYImageCoder.m */; };
		8901BDEC1C114490004F7E81 /* YYSpriteSheetImage.m in Sources */ = {isa = PBXBuildFile; fileRef = 8901BDD51C114490004F7E81 /* YYSpriteSheetImage.m */; };
		8901BDED1C114490004F7E81 /* YYImageCache.m in Sources */ = {isa = PBXBuildFile; fileRef = 8901BDD71C114490004F7E81 /* YYImageCache.m */; };
		8901BDEE1C114490004F7E81 /* YYWebImageManager.m in Sources */ = {isa = PBXBuildFile; fileRef = 8901BDDA1C114490004F7E81 /* YYWebImageManager.m */; };
		8901BDEF1C114490004F7E81 /* YYWebImageOperation.m in Sources */ = {isa = PBXBuildFile; fileRef = 8901BDDC1C114490004F7E81 /* YYWebImageOperation.m */; };
		8901BDF11C1144AC004F7E81 /* libz.tbd in Frameworks */ = {isa = PBXBuildFile; fileRef = 8901BDF01C1144AC004F7E81 /* libz.tbd */; };
		8901BDF31C1144B3004F7E81 /* AssetsLibrary.framework in Frameworks */ = {isa = PBXBuildFile; fileRef = 8901BDF21C1144B3004F7E81 /* AssetsLibrary.framework */; };
		8901BDF51C1145A0004F7E81 /* libsqlite3.tbd in Frameworks */ = {isa = PBXBuildFile; fileRef = 8901BDF41C1145A0004F7E81 /* libsqlite3.tbd */; };
		8901BDF71C114640004F7E81 /* CFPPTView.bundle in Resources */ = {isa = PBXBuildFile; fileRef = 8901BDF61C114640004F7E81 /* CFPPTView.bundle */; };
		8916BE7F1B36D2C100F16E22 /* CorePageControl.m in Sources */ = {isa = PBXBuildFile; fileRef = 8916BE7B1B36D2C100F16E22 /* CorePageControl.m */; };
		8916BE801B36D2C100F16E22 /* SMPageControl.m in Sources */ = {isa = PBXBuildFile; fileRef = 8916BE7E1B36D2C100F16E22 /* SMPageControl.m */; };
		8916BE851B36D41B00F16E22 /* PPTPageControl.swift in Sources */ = {isa = PBXBuildFile; fileRef = 8916BE841B36D41B00F16E22 /* PPTPageControl.swift */; };
		894810971B364EED004A3F73 /* AppDelegate.swift in Sources */ = {isa = PBXBuildFile; fileRef = 894810961B364EED004A3F73 /* AppDelegate.swift */; };
		894810991B364EED004A3F73 /* ViewController.swift in Sources */ = {isa = PBXBuildFile; fileRef = 894810981B364EED004A3F73 /* ViewController.swift */; };
		8948109C1B364EED004A3F73 /* Main.storyboard in Resources */ = {isa = PBXBuildFile; fileRef = 8948109A1B364EED004A3F73 /* Main.storyboard */; };
		8948109E1B364EED004A3F73 /* Images.xcassets in Resources */ = {isa = PBXBuildFile; fileRef = 8948109D1B364EED004A3F73 /* Images.xcassets */; };
		894810A11B364EED004A3F73 /* LaunchScreen.xib in Resources */ = {isa = PBXBuildFile; fileRef = 8948109F1B364EED004A3F73 /* LaunchScreen.xib */; };
		894810AD1B364EEE004A3F73 /* CFPPTViewTests.swift in Sources */ = {isa = PBXBuildFile; fileRef = 894810AC1B364EEE004A3F73 /* CFPPTViewTests.swift */; };
		894810EF1B364F36004A3F73 /* CFPPTView.swift in Sources */ = {isa = PBXBuildFile; fileRef = 894810EB1B364F36004A3F73 /* CFPPTView.swift */; };
		894810F01B364F36004A3F73 /* PPTScrollView.swift in Sources */ = {isa = PBXBuildFile; fileRef = 894810EE1B364F36004A3F73 /* PPTScrollView.swift */; };
		894C810B1B365FF70040345C /* PPTType.swift in Sources */ = {isa = PBXBuildFile; fileRef = 894C810A1B365FF70040345C /* PPTType.swift */; };
		894C810D1B36634E0040345C /* PPTDataModel.swift in Sources */ = {isa = PBXBuildFile; fileRef = 894C810C1B36634E0040345C /* PPTDataModel.swift */; };
		894C81131B366ABD0040345C /* local1.png in Resources */ = {isa = PBXBuildFile; fileRef = 894C810F1B366ABD0040345C /* local1.png */; };
		894C81141B366ABD0040345C /* local2.png in Resources */ = {isa = PBXBuildFile; fileRef = 894C81101B366ABD0040345C /* local2.png */; };
		894C81151B366ABD0040345C /* local3.png in Resources */ = {isa = PBXBuildFile; fileRef = 894C81111B366ABD0040345C /* local3.png */; };
		894C811B1B3678ED0040345C /* local4.png in Resources */ = {isa = PBXBuildFile; fileRef = 894C811A1B3678ED0040345C /* local4.png */; };
		89A402541B54A9E5004CE7EB /* show2.gif in Resources */ = {isa = PBXBuildFile; fileRef = 89A402531B54A9E5004CE7EB /* show2.gif */; };
		89B8F4FC1C0F2810007BCE22 /* CFSnapKit.swift in Sources */ = {isa = PBXBuildFile; fileRef = 89B8F4ED1C0F2810007BCE22 /* CFSnapKit.swift */; };
		89B8F4FD1C0F2810007BCE22 /* Constraint.swift in Sources */ = {isa = PBXBuildFile; fileRef = 89B8F4EF1C0F2810007BCE22 /* Constraint.swift */; };
		89B8F4FE1C0F2810007BCE22 /* ConstraintAttributes.swift in Sources */ = {isa = PBXBuildFile; fileRef = 89B8F4F01C0F2810007BCE22 /* ConstraintAttributes.swift */; };
		89B8F4FF1C0F2810007BCE22 /* ConstraintDescription.swift in Sources */ = {isa = PBXBuildFile; fileRef = 89B8F4F11C0F2810007BCE22 /* ConstraintDescription.swift */; };
		89B8F5001C0F2810007BCE22 /* ConstraintItem.swift in Sources */ = {isa = PBXBuildFile; fileRef = 89B8F4F21C0F2810007BCE22 /* ConstraintItem.swift */; };
		89B8F5011C0F2810007BCE22 /* ConstraintMaker.swift in Sources */ = {isa = PBXBuildFile; fileRef = 89B8F4F31C0F2810007BCE22 /* ConstraintMaker.swift */; };
		89B8F5021C0F2810007BCE22 /* ConstraintRelation.swift in Sources */ = {isa = PBXBuildFile; fileRef = 89B8F4F41C0F2810007BCE22 /* ConstraintRelation.swift */; };
		89B8F5031C0F2810007BCE22 /* Debugging.swift in Sources */ = {isa = PBXBuildFile; fileRef = 89B8F4F51C0F2810007BCE22 /* Debugging.swift */; };
		89B8F5041C0F2810007BCE22 /* EdgeInsets.swift in Sources */ = {isa = PBXBuildFile; fileRef = 89B8F4F61C0F2810007BCE22 /* EdgeInsets.swift */; };
		89B8F5051C0F2810007BCE22 /* LayoutConstraint.swift in Sources */ = {isa = PBXBuildFile; fileRef = 89B8F4F71C0F2810007BCE22 /* LayoutConstraint.swift */; };
		89B8F5061C0F2810007BCE22 /* SnapKit.swift in Sources */ = {isa = PBXBuildFile; fileRef = 89B8F4F91C0F2810007BCE22 /* SnapKit.swift */; };
		89B8F5071C0F2810007BCE22 /* View+SnapKit.swift in Sources */ = {isa = PBXBuildFile; fileRef = 89B8F4FA1C0F2810007BCE22 /* View+SnapKit.swift */; };
		89B8F5081C0F2810007BCE22 /* ViewController+SnapKit.swift in Sources */ = {isa = PBXBuildFile; fileRef = 89B8F4FB1C0F2810007BCE22 /* ViewController+SnapKit.swift */; };
/* End PBXBuildFile section */

/* Begin PBXContainerItemProxy section */
		894810A71B364EEE004A3F73 /* PBXContainerItemProxy */ = {
			isa = PBXContainerItemProxy;
			containerPortal = 894810891B364EED004A3F73 /* Project object */;
			proxyType = 1;
			remoteGlobalIDString = 894810901B364EED004A3F73;
			remoteInfo = CFPPTView;
		};
/* End PBXContainerItemProxy section */

/* Begin PBXFileReference section */
		8901BDB21C114490004F7E81 /* UIImageView+CoreYYWebImage.h */ = {isa = PBXFileReference; fileEncoding = 4; lastKnownFileType = sourcecode.c.h; path = "UIImageView+CoreYYWebImage.h"; sourceTree = "<group>"; };
		8901BDB31C114490004F7E81 /* UIImageView+CoreYYWebImage.m */ = {isa = PBXFileReference; fileEncoding = 4; lastKnownFileType = sourcecode.c.objc; path = "UIImageView+CoreYYWebImage.m"; sourceTree = "<group>"; };
		8901BDB61C114490004F7E81 /* YYCache.h */ = {isa = PBXFileReference; fileEncoding = 4; lastKnownFileType = sourcecode.c.h; path = YYCache.h; sourceTree = "<group>"; };
		8901BDB71C114490004F7E81 /* YYCache.m */ = {isa = PBXFileReference; fileEncoding = 4; lastKnownFileType = sourcecode.c.objc; path = YYCache.m; sourceTree = "<group>"; };
		8901BDB81C114490004F7E81 /* YYDiskCache.h */ = {isa = PBXFileReference; fileEncoding = 4; lastKnownFileType = sourcecode.c.h; path = YYDiskCache.h; sourceTree = "<group>"; };
		8901BDB91C114490004F7E81 /* YYDiskCache.m */ = {isa = PBXFileReference; fileEncoding = 4; lastKnownFileType = sourcecode.c.objc; path = YYDiskCache.m; sourceTree = "<group>"; };
		8901BDBA1C114490004F7E81 /* YYKVStorage.h */ = {isa = PBXFileReference; fileEncoding = 4; lastKnownFileType = sourcecode.c.h; path = YYKVStorage.h; sourceTree = "<group>"; };
		8901BDBB1C114490004F7E81 /* YYKVStorage.m */ = {isa = PBXFileReference; fileEncoding = 4; lastKnownFileType = sourcecode.c.objc; path = YYKVStorage.m; sourceTree = "<group>"; };
		8901BDBC1C114490004F7E81 /* YYMemoryCache.h */ = {isa = PBXFileReference; fileEncoding = 4; lastKnownFileType = sourcecode.c.h; path = YYMemoryCache.h; sourceTree = "<group>"; };
		8901BDBD1C114490004F7E81 /* YYMemoryCache.m */ = {isa = PBXFileReference; fileEncoding = 4; lastKnownFileType = sourcecode.c.objc; path = YYMemoryCache.m; sourceTree = "<group>"; };
		8901BDBF1C114490004F7E81 /* _YYWebImageSetter.h */ = {isa = PBXFileReference; fileEncoding = 4; lastKnownFileType = sourcecode.c.h; path = _YYWebImageSetter.h; sourceTree = "<group>"; };
		8901BDC01C114490004F7E81 /* _YYWebImageSetter.m */ = {isa = PBXFileReference; fileEncoding = 4; lastKnownFileType = sourcecode.c.objc; path = _YYWebImageSetter.m; sourceTree = "<group>"; };
		8901BDC11C114490004F7E81 /* CALayer+YYWebImage.h */ = {isa = PBXFileReference; fileEncoding = 4; lastKnownFileType = sourcecode.c.h; path = "CALayer+YYWebImage.h"; sourceTree = "<group>"; };
		8901BDC21C114490004F7E81 /* CALayer+YYWebImage.m */ = {isa = PBXFileReference; fileEncoding = 4; lastKnownFileType = sourcecode.c.objc; path = "CALayer+YYWebImage.m"; sourceTree = "<group>"; };
		8901BDC31C114490004F7E81 /* MKAnnotationView+YYWebImage.h */ = {isa = PBXFileReference; fileEncoding = 4; lastKnownFileType = sourcecode.c.h; path = "MKAnnotationView+YYWebImage.h"; sourceTree = "<group>"; };
		8901BDC41C114490004F7E81 /* MKAnnotationView+YYWebImage.m */ = {isa = PBXFileReference; fileEncoding = 4; lastKnownFileType = sourcecode.c.objc; path = "MKAnnotationView+YYWebImage.m"; sourceTree = "<group>"; };
		8901BDC51C114490004F7E81 /* UIButton+YYWebImage.h */ = {isa = PBXFileReference; fileEncoding = 4; lastKnownFileType = sourcecode.c.h; path = "UIButton+YYWebImage.h"; sourceTree = "<group>"; };
		8901BDC61C114490004F7E81 /* UIButton+YYWebImage.m */ = {isa = PBXFileReference; fileEncoding = 4; lastKnownFileType = sourcecode.c.objc; path = "UIButton+YYWebImage.m"; sourceTree = "<group>"; };
		8901BDC71C114490004F7E81 /* UIImage+YYWebImage.h */ = {isa = PBXFileReference; fileEncoding = 4; lastKnownFileType = sourcecode.c.h; path = "UIImage+YYWebImage.h"; sourceTree = "<group>"; };
		8901BDC81C114490004F7E81 /* UIImage+YYWebImage.m */ = {isa = PBXFileReference; fileEncoding = 4; lastKnownFileType = sourcecode.c.objc; path = "UIImage+YYWebImage.m"; sourceTree = "<group>"; };
		8901BDC91C114490004F7E81 /* UIImageView+YYWebImage.h */ = {isa = PBXFileReference; fileEncoding = 4; lastKnownFileType = sourcecode.c.h; path = "UIImageView+YYWebImage.h"; sourceTree = "<group>"; };
		8901BDCA1C114490004F7E81 /* UIImageView+YYWebImage.m */ = {isa = PBXFileReference; fileEncoding = 4; lastKnownFileType = sourcecode.c.objc; path = "UIImageView+YYWebImage.m"; sourceTree = "<group>"; };
		8901BDCC1C114490004F7E81 /* YYAnimatedImageView.h */ = {isa = PBXFileReference; fileEncoding = 4; lastKnownFileType = sourcecode.c.h; path = YYAnimatedImageView.h; sourceTree = "<group>"; };
		8901BDCD1C114490004F7E81 /* YYAnimatedImageView.m */ = {isa = PBXFileReference; fileEncoding = 4; lastKnownFileType = sourcecode.c.objc; path = YYAnimatedImageView.m; sourceTree = "<group>"; };
		8901BDCE1C114490004F7E81 /* YYFrameImage.h */ = {isa = PBXFileReference; fileEncoding = 4; lastKnownFileType = sourcecode.c.h; path = YYFrameImage.h; sourceTree = "<group>"; };
		8901BDCF1C114490004F7E81 /* YYFrameImage.m */ = {isa = PBXFileReference; fileEncoding = 4; lastKnownFileType = sourcecode.c.objc; path = YYFrameImage.m; sourceTree = "<group>"; };
		8901BDD01C114490004F7E81 /* YYImage.h */ = {isa = PBXFileReference; fileEncoding = 4; lastKnownFileType = sourcecode.c.h; path = YYImage.h; sourceTree = "<group>"; };
		8901BDD11C114490004F7E81 /* YYImage.m */ = {isa = PBXFileReference; fileEncoding = 4; lastKnownFileType = sourcecode.c.objc; path = YYImage.m; sourceTree = "<group>"; };
		8901BDD21C114490004F7E81 /* YYImageCoder.h */ = {isa = PBXFileReference; fileEncoding = 4; lastKnownFileType = sourcecode.c.h; path = YYImageCoder.h; sourceTree = "<group>"; };
		8901BDD31C114490004F7E81 /* YYImageCoder.m */ = {isa = PBXFileReference; fileEncoding = 4; lastKnownFileType = sourcecode.c.objc; path = YYImageCoder.m; sourceTree = "<group>"; };
		8901BDD41C114490004F7E81 /* YYSpriteSheetImage.h */ = {isa = PBXFileReference; fileEncoding = 4; lastKnownFileType = sourcecode.c.h; path = YYSpriteSheetImage.h; sourceTree = "<group>"; };
		8901BDD51C114490004F7E81 /* YYSpriteSheetImage.m */ = {isa = PBXFileReference; fileEncoding = 4; lastKnownFileType = sourcecode.c.objc; path = YYSpriteSheetImage.m; sourceTree = "<group>"; };
		8901BDD61C114490004F7E81 /* YYImageCache.h */ = {isa = PBXFileReference; fileEncoding = 4; lastKnownFileType = sourcecode.c.h; path = YYImageCache.h; sourceTree = "<group>"; };
		8901BDD71C114490004F7E81 /* YYImageCache.m */ = {isa = PBXFileReference; fileEncoding = 4; lastKnownFileType = sourcecode.c.objc; path = YYImageCache.m; sourceTree = "<group>"; };
		8901BDD81C114490004F7E81 /* YYWebImage.h */ = {isa = PBXFileReference; fileEncoding = 4; lastKnownFileType = sourcecode.c.h; path = YYWebImage.h; sourceTree = "<group>"; };
		8901BDD91C114490004F7E81 /* YYWebImageManager.h */ = {isa = PBXFileReference; fileEncoding = 4; lastKnownFileType = sourcecode.c.h; path = YYWebImageManager.h; sourceTree = "<group>"; };
		8901BDDA1C114490004F7E81 /* YYWebImageManager.m */ = {isa = PBXFileReference; fileEncoding = 4; lastKnownFileType = sourcecode.c.objc; path = YYWebImageManager.m; sourceTree = "<group>"; };
		8901BDDB1C114490004F7E81 /* YYWebImageOperation.h */ = {isa = PBXFileReference; fileEncoding = 4; lastKnownFileType = sourcecode.c.h; path = YYWebImageOperation.h; sourceTree = "<group>"; };
		8901BDDC1C114490004F7E81 /* YYWebImageOperation.m */ = {isa = PBXFileReference; fileEncoding = 4; lastKnownFileType = sourcecode.c.objc; path = YYWebImageOperation.m; sourceTree = "<group>"; };
		8901BDF01C1144AC004F7E81 /* libz.tbd */ = {isa = PBXFileReference; lastKnownFileType = "sourcecode.text-based-dylib-definition"; name = libz.tbd; path = usr/lib/libz.tbd; sourceTree = SDKROOT; };
		8901BDF21C1144B3004F7E81 /* AssetsLibrary.framework */ = {isa = PBXFileReference; lastKnownFileType = wrapper.framework; name = AssetsLibrary.framework; path = System/Library/Frameworks/AssetsLibrary.framework; sourceTree = SDKROOT; };
		8901BDF41C1145A0004F7E81 /* libsqlite3.tbd */ = {isa = PBXFileReference; lastKnownFileType = "sourcecode.text-based-dylib-definition"; name = libsqlite3.tbd; path = usr/lib/libsqlite3.tbd; sourceTree = SDKROOT; };
		8901BDF61C114640004F7E81 /* CFPPTView.bundle */ = {isa = PBXFileReference; lastKnownFileType = "wrapper.plug-in"; path = CFPPTView.bundle; sourceTree = "<group>"; };
		8916BE7A1B36D2C100F16E22 /* CorePageControl.h */ = {isa = PBXFileReference; fileEncoding = 4; lastKnownFileType = sourcecode.c.h; path = CorePageControl.h; sourceTree = "<group>"; };
		8916BE7B1B36D2C100F16E22 /* CorePageControl.m */ = {isa = PBXFileReference; fileEncoding = 4; lastKnownFileType = sourcecode.c.objc; path = CorePageControl.m; sourceTree = "<group>"; };
		8916BE7D1B36D2C100F16E22 /* SMPageControl.h */ = {isa = PBXFileReference; fileEncoding = 4; lastKnownFileType = sourcecode.c.h; path = SMPageControl.h; sourceTree = "<group>"; };
		8916BE7E1B36D2C100F16E22 /* SMPageControl.m */ = {isa = PBXFileReference; fileEncoding = 4; lastKnownFileType = sourcecode.c.objc; path = SMPageControl.m; sourceTree = "<group>"; };
		8916BE831B36D31F00F16E22 /* oc.h */ = {isa = PBXFileReference; lastKnownFileType = sourcecode.c.h; path = oc.h; sourceTree = "<group>"; };
		8916BE841B36D41B00F16E22 /* PPTPageControl.swift */ = {isa = PBXFileReference; fileEncoding = 4; lastKnownFileType = sourcecode.swift; path = PPTPageControl.swift; sourceTree = "<group>"; };
		894810911B364EED004A3F73 /* CFPPTView.app */ = {isa = PBXFileReference; explicitFileType = wrapper.application; includeInIndex = 0; path = CFPPTView.app; sourceTree = BUILT_PRODUCTS_DIR; };
		894810951B364EED004A3F73 /* Info.plist */ = {isa = PBXFileReference; lastKnownFileType = text.plist.xml; path = Info.plist; sourceTree = "<group>"; };
		894810961B364EED004A3F73 /* AppDelegate.swift */ = {isa = PBXFileReference; lastKnownFileType = sourcecode.swift; path = AppDelegate.swift; sourceTree = "<group>"; };
		894810981B364EED004A3F73 /* ViewController.swift */ = {isa = PBXFileReference; lastKnownFileType = sourcecode.swift; path = ViewController.swift; sourceTree = "<group>"; };
		8948109B1B364EED004A3F73 /* Base */ = {isa = PBXFileReference; lastKnownFileType = file.storyboard; name = Base; path = Base.lproj/Main.storyboard; sourceTree = "<group>"; };
		8948109D1B364EED004A3F73 /* Images.xcassets */ = {isa = PBXFileReference; lastKnownFileType = folder.assetcatalog; path = Images.xcassets; sourceTree = "<group>"; };
		894810A01B364EED004A3F73 /* Base */ = {isa = PBXFileReference; lastKnownFileType = file.xib; name = Base; path = Base.lproj/LaunchScreen.xib; sourceTree = "<group>"; };
		894810A61B364EEE004A3F73 /* CFPPTViewTests.xctest */ = {isa = PBXFileReference; explicitFileType = wrapper.cfbundle; includeInIndex = 0; path = CFPPTViewTests.xctest; sourceTree = BUILT_PRODUCTS_DIR; };
		894810AB1B364EEE004A3F73 /* Info.plist */ = {isa = PBXFileReference; lastKnownFileType = text.plist.xml; path = Info.plist; sourceTree = "<group>"; };
		894810AC1B364EEE004A3F73 /* CFPPTViewTests.swift */ = {isa = PBXFileReference; lastKnownFileType = sourcecode.swift; path = CFPPTViewTests.swift; sourceTree = "<group>"; };
		894810EB1B364F36004A3F73 /* CFPPTView.swift */ = {isa = PBXFileReference; fileEncoding = 4; lastKnownFileType = sourcecode.swift; path = CFPPTView.swift; sourceTree = "<group>"; };
		894810EE1B364F36004A3F73 /* PPTScrollView.swift */ = {isa = PBXFileReference; fileEncoding = 4; lastKnownFileType = sourcecode.swift; path = PPTScrollView.swift; sourceTree = "<group>"; };
		894C810A1B365FF70040345C /* PPTType.swift */ = {isa = PBXFileReference; fileEncoding = 4; lastKnownFileType = sourcecode.swift; path = PPTType.swift; sourceTree = "<group>"; };
		894C810C1B36634E0040345C /* PPTDataModel.swift */ = {isa = PBXFileReference; fileEncoding = 4; lastKnownFileType = sourcecode.swift; path = PPTDataModel.swift; sourceTree = "<group>"; };
		894C810F1B366ABD0040345C /* local1.png */ = {isa = PBXFileReference; lastKnownFileType = image.png; path = local1.png; sourceTree = "<group>"; };
		894C81101B366ABD0040345C /* local2.png */ = {isa = PBXFileReference; lastKnownFileType = image.png; path = local2.png; sourceTree = "<group>"; };
		894C81111B366ABD0040345C /* local3.png */ = {isa = PBXFileReference; lastKnownFileType = image.png; path = local3.png; sourceTree = "<group>"; };
		894C811A1B3678ED0040345C /* local4.png */ = {isa = PBXFileReference; lastKnownFileType = image.png; path = local4.png; sourceTree = "<group>"; };
		89A402531B54A9E5004CE7EB /* show2.gif */ = {isa = PBXFileReference; lastKnownFileType = image.gif; path = show2.gif; sourceTree = "<group>"; };
		89B8F4ED1C0F2810007BCE22 /* CFSnapKit.swift */ = {isa = PBXFileReference; fileEncoding = 4; lastKnownFileType = sourcecode.swift; path = CFSnapKit.swift; sourceTree = "<group>"; };
		89B8F4EF1C0F2810007BCE22 /* Constraint.swift */ = {isa = PBXFileReference; fileEncoding = 4; lastKnownFileType = sourcecode.swift; path = Constraint.swift; sourceTree = "<group>"; };
		89B8F4F01C0F2810007BCE22 /* ConstraintAttributes.swift */ = {isa = PBXFileReference; fileEncoding = 4; lastKnownFileType = sourcecode.swift; path = ConstraintAttributes.swift; sourceTree = "<group>"; };
		89B8F4F11C0F2810007BCE22 /* ConstraintDescription.swift */ = {isa = PBXFileReference; fileEncoding = 4; lastKnownFileType = sourcecode.swift; path = ConstraintDescription.swift; sourceTree = "<group>"; };
		89B8F4F21C0F2810007BCE22 /* ConstraintItem.swift */ = {isa = PBXFileReference; fileEncoding = 4; lastKnownFileType = sourcecode.swift; path = ConstraintItem.swift; sourceTree = "<group>"; };
		89B8F4F31C0F2810007BCE22 /* ConstraintMaker.swift */ = {isa = PBXFileReference; fileEncoding = 4; lastKnownFileType = sourcecode.swift; path = ConstraintMaker.swift; sourceTree = "<group>"; };
		89B8F4F41C0F2810007BCE22 /* ConstraintRelation.swift */ = {isa = PBXFileReference; fileEncoding = 4; lastKnownFileType = sourcecode.swift; path = ConstraintRelation.swift; sourceTree = "<group>"; };
		89B8F4F51C0F2810007BCE22 /* Debugging.swift */ = {isa = PBXFileReference; fileEncoding = 4; lastKnownFileType = sourcecode.swift; path = Debugging.swift; sourceTree = "<group>"; };
		89B8F4F61C0F2810007BCE22 /* EdgeInsets.swift */ = {isa = PBXFileReference; fileEncoding = 4; lastKnownFileType = sourcecode.swift; path = EdgeInsets.swift; sourceTree = "<group>"; };
		89B8F4F71C0F2810007BCE22 /* LayoutConstraint.swift */ = {isa = PBXFileReference; fileEncoding = 4; lastKnownFileType = sourcecode.swift; path = LayoutConstraint.swift; sourceTree = "<group>"; };
		89B8F4F81C0F2810007BCE22 /* SnapKit.h */ = {isa = PBXFileReference; fileEncoding = 4; lastKnownFileType = sourcecode.c.h; path = SnapKit.h; sourceTree = "<group>"; };
		89B8F4F91C0F2810007BCE22 /* SnapKit.swift */ = {isa = PBXFileReference; fileEncoding = 4; lastKnownFileType = sourcecode.swift; path = SnapKit.swift; sourceTree = "<group>"; };
		89B8F4FA1C0F2810007BCE22 /* View+SnapKit.swift */ = {isa = PBXFileReference; fileEncoding = 4; lastKnownFileType = sourcecode.swift; path = "View+SnapKit.swift"; sourceTree = "<group>"; };
		89B8F4FB1C0F2810007BCE22 /* ViewController+SnapKit.swift */ = {isa = PBXFileReference; fileEncoding = 4; lastKnownFileType = sourcecode.swift; path = "ViewController+SnapKit.swift"; sourceTree = "<group>"; };
/* End PBXFileReference section */

/* Begin PBXFrameworksBuildPhase section */
		8948108E1B364EED004A3F73 /* Frameworks */ = {
			isa = PBXFrameworksBuildPhase;
			buildActionMask = 2147483647;
			files = (
				8901BDF51C1145A0004F7E81 /* libsqlite3.tbd in Frameworks */,
				8901BDF31C1144B3004F7E81 /* AssetsLibrary.framework in Frameworks */,
				8901BDF11C1144AC004F7E81 /* libz.tbd in Frameworks */,
			);
			runOnlyForDeploymentPostprocessing = 0;
		};
		894810A31B364EEE004A3F73 /* Frameworks */ = {
			isa = PBXFrameworksBuildPhase;
			buildActionMask = 2147483647;
			files = (
			);
			runOnlyForDeploymentPostprocessing = 0;
		};
/* End PBXFrameworksBuildPhase section */

/* Begin PBXGroup section */
		8901BDB11C114490004F7E81 /* CoreYYWebImage */ = {
			isa = PBXGroup;
			children = (
				8901BDB21C114490004F7E81 /* UIImageView+CoreYYWebImage.h */,
				8901BDB31C114490004F7E81 /* UIImageView+CoreYYWebImage.m */,
				8901BDB41C114490004F7E81 /* YYWebImage */,
			);
			path = CoreYYWebImage;
			sourceTree = "<group>";
		};
		8901BDB41C114490004F7E81 /* YYWebImage */ = {
			isa = PBXGroup;
			children = (
				8901BDB51C114490004F7E81 /* Cache */,
				8901BDBE1C114490004F7E81 /* Categories */,
				8901BDCB1C114490004F7E81 /* Image */,
				8901BDD61C114490004F7E81 /* YYImageCache.h */,
				8901BDD71C114490004F7E81 /* YYImageCache.m */,
				8901BDD81C114490004F7E81 /* YYWebImage.h */,
				8901BDD91C114490004F7E81 /* YYWebImageManager.h */,
				8901BDDA1C114490004F7E81 /* YYWebImageManager.m */,
				8901BDDB1C114490004F7E81 /* YYWebImageOperation.h */,
				8901BDDC1C114490004F7E81 /* YYWebImageOperation.m */,
			);
			path = YYWebImage;
			sourceTree = "<group>";
		};
		8901BDB51C114490004F7E81 /* Cache */ = {
			isa = PBXGroup;
			children = (
				8901BDB61C114490004F7E81 /* YYCache.h */,
				8901BDB71C114490004F7E81 /* YYCache.m */,
				8901BDB81C114490004F7E81 /* YYDiskCache.h */,
				8901BDB91C114490004F7E81 /* YYDiskCache.m */,
				8901BDBA1C114490004F7E81 /* YYKVStorage.h */,
				8901BDBB1C114490004F7E81 /* YYKVStorage.m */,
				8901BDBC1C114490004F7E81 /* YYMemoryCache.h */,
				8901BDBD1C114490004F7E81 /* YYMemoryCache.m */,
			);
			path = Cache;
			sourceTree = "<group>";
		};
		8901BDBE1C114490004F7E81 /* Categories */ = {
			isa = PBXGroup;
			children = (
				8901BDBF1C114490004F7E81 /* _YYWebImageSetter.h */,
				8901BDC01C114490004F7E81 /* _YYWebImageSetter.m */,
				8901BDC11C114490004F7E81 /* CALayer+YYWebImage.h */,
				8901BDC21C114490004F7E81 /* CALayer+YYWebImage.m */,
				8901BDC31C114490004F7E81 /* MKAnnotationView+YYWebImage.h */,
				8901BDC41C114490004F7E81 /* MKAnnotationView+YYWebImage.m */,
				8901BDC51C114490004F7E81 /* UIButton+YYWebImage.h */,
				8901BDC61C114490004F7E81 /* UIButton+YYWebImage.m */,
				8901BDC71C114490004F7E81 /* UIImage+YYWebImage.h */,
				8901BDC81C114490004F7E81 /* UIImage+YYWebImage.m */,
				8901BDC91C114490004F7E81 /* UIImageView+YYWebImage.h */,
				8901BDCA1C114490004F7E81 /* UIImageView+YYWebImage.m */,
			);
			path = Categories;
			sourceTree = "<group>";
		};
		8901BDCB1C114490004F7E81 /* Image */ = {
			isa = PBXGroup;
			children = (
				8901BDCC1C114490004F7E81 /* YYAnimatedImageView.h */,
				8901BDCD1C114490004F7E81 /* YYAnimatedImageView.m */,
				8901BDCE1C114490004F7E81 /* YYFrameImage.h */,
				8901BDCF1C114490004F7E81 /* YYFrameImage.m */,
				8901BDD01C114490004F7E81 /* YYImage.h */,
				8901BDD11C114490004F7E81 /* YYImage.m */,
				8901BDD21C114490004F7E81 /* YYImageCoder.h */,
				8901BDD31C114490004F7E81 /* YYImageCoder.m */,
				8901BDD41C114490004F7E81 /* YYSpriteSheetImage.h */,
				8901BDD51C114490004F7E81 /* YYSpriteSheetImage.m */,
			);
			path = Image;
			sourceTree = "<group>";
		};
		8916BE791B36D2C100F16E22 /* CorePageControl */ = {
			isa = PBXGroup;
			children = (
				8916BE7A1B36D2C100F16E22 /* CorePageControl.h */,
				8916BE7B1B36D2C100F16E22 /* CorePageControl.m */,
				8916BE7C1B36D2C100F16E22 /* Lib */,
			);
			path = CorePageControl;
			sourceTree = "<group>";
		};
		8916BE7C1B36D2C100F16E22 /* Lib */ = {
			isa = PBXGroup;
			children = (
				8916BE7D1B36D2C100F16E22 /* SMPageControl.h */,
				8916BE7E1B36D2C100F16E22 /* SMPageControl.m */,
			);
			path = Lib;
			sourceTree = "<group>";
		};
		894810881B364EED004A3F73 = {
			isa = PBXGroup;
			children = (
				894810931B364EED004A3F73 /* CFPPTView */,
				894810A91B364EEE004A3F73 /* CFPPTViewTests */,
				894810921B364EED004A3F73 /* Products */,
			);
			sourceTree = "<group>";
		};
		894810921B364EED004A3F73 /* Products */ = {
			isa = PBXGroup;
			children = (
				894810911B364EED004A3F73 /* CFPPTView.app */,
				894810A61B364EEE004A3F73 /* CFPPTViewTests.xctest */,
			);
			name = Products;
			sourceTree = "<group>";
		};
		894810931B364EED004A3F73 /* CFPPTView */ = {
			isa = PBXGroup;
			children = (
				894810EA1B364F36004A3F73 /* CFPPTView */,
				894810B61B364F05004A3F73 /* FrameWorks */,
				894810961B364EED004A3F73 /* AppDelegate.swift */,
				894810981B364EED004A3F73 /* ViewController.swift */,
				8948109A1B364EED004A3F73 /* Main.storyboard */,
				8948109D1B364EED004A3F73 /* Images.xcassets */,
				8948109F1B364EED004A3F73 /* LaunchScreen.xib */,
				894810941B364EED004A3F73 /* Supporting Files */,
			);
			path = CFPPTView;
			sourceTree = "<group>";
		};
		894810941B364EED004A3F73 /* Supporting Files */ = {
			isa = PBXGroup;
			children = (
				8901BDF21C1144B3004F7E81 /* AssetsLibrary.framework */,
				8901BDF01C1144AC004F7E81 /* libz.tbd */,
				8901BDF41C1145A0004F7E81 /* libsqlite3.tbd */,
				89A402531B54A9E5004CE7EB /* show2.gif */,
				894C810E1B366ABD0040345C /* local */,
				894810951B364EED004A3F73 /* Info.plist */,
				8916BE831B36D31F00F16E22 /* oc.h */,
			);
			name = "Supporting Files";
			sourceTree = "<group>";
		};
		894810A91B364EEE004A3F73 /* CFPPTViewTests */ = {
			isa = PBXGroup;
			children = (
				894810AC1B364EEE004A3F73 /* CFPPTViewTests.swift */,
				894810AA1B364EEE004A3F73 /* Supporting Files */,
			);
			path = CFPPTViewTests;
			sourceTree = "<group>";
		};
		894810AA1B364EEE004A3F73 /* Supporting Files */ = {
			isa = PBXGroup;
			children = (
				894810AB1B364EEE004A3F73 /* Info.plist */,
			);
			name = "Supporting Files";
			sourceTree = "<group>";
		};
		894810B61B364F05004A3F73 /* FrameWorks */ = {
			isa = PBXGroup;
			children = (
				8901BDB11C114490004F7E81 /* CoreYYWebImage */,
				89B8F4EC1C0F2810007BCE22 /* CFSnapKit */,
				8916BE791B36D2C100F16E22 /* CorePageControl */,
			);
			path = FrameWorks;
			sourceTree = "<group>";
		};
		894810EA1B364F36004A3F73 /* CFPPTView */ = {
			isa = PBXGroup;
			children = (
				894810EB1B364F36004A3F73 /* CFPPTView.swift */,
				894810EC1B364F36004A3F73 /* Lib */,
			);
			path = CFPPTView;
			sourceTree = "<group>";
		};
		894810EC1B364F36004A3F73 /* Lib */ = {
			isa = PBXGroup;
			children = (
				8901BDF61C114640004F7E81 /* CFPPTView.bundle */,
				894C81071B365F620040345C /* Model */,
				894C81081B365F620040345C /* Type */,
				894810ED1B364F36004A3F73 /* View */,
			);
			path = Lib;
			sourceTree = "<group>";
		};
		894810ED1B364F36004A3F73 /* View */ = {
			isa = PBXGroup;
			children = (
				894810EE1B364F36004A3F73 /* PPTScrollView.swift */,
				8916BE841B36D41B00F16E22 /* PPTPageControl.swift */,
			);
			path = View;
			sourceTree = "<group>";
		};
		894C81071B365F620040345C /* Model */ = {
			isa = PBXGroup;
			children = (
				894C810C1B36634E0040345C /* PPTDataModel.swift */,
			);
			path = Model;
			sourceTree = "<group>";
		};
		894C81081B365F620040345C /* Type */ = {
			isa = PBXGroup;
			children = (
				894C810A1B365FF70040345C /* PPTType.swift */,
			);
			path = Type;
			sourceTree = "<group>";
		};
		894C810E1B366ABD0040345C /* local */ = {
			isa = PBXGroup;
			children = (
				894C810F1B366ABD0040345C /* local1.png */,
				894C81101B366ABD0040345C /* local2.png */,
				894C81111B366ABD0040345C /* local3.png */,
				894C811A1B3678ED0040345C /* local4.png */,
			);
			path = local;
			sourceTree = "<group>";
		};
		89B8F4EC1C0F2810007BCE22 /* CFSnapKit */ = {
			isa = PBXGroup;
			children = (
				89B8F4ED1C0F2810007BCE22 /* CFSnapKit.swift */,
				89B8F4EE1C0F2810007BCE22 /* Lib */,
			);
			path = CFSnapKit;
			sourceTree = "<group>";
		};
		89B8F4EE1C0F2810007BCE22 /* Lib */ = {
			isa = PBXGroup;
			children = (
				89B8F4EF1C0F2810007BCE22 /* Constraint.swift */,
				89B8F4F01C0F2810007BCE22 /* ConstraintAttributes.swift */,
				89B8F4F11C0F2810007BCE22 /* ConstraintDescription.swift */,
				89B8F4F21C0F2810007BCE22 /* ConstraintItem.swift */,
				89B8F4F31C0F2810007BCE22 /* ConstraintMaker.swift */,
				89B8F4F41C0F2810007BCE22 /* ConstraintRelation.swift */,
				89B8F4F51C0F2810007BCE22 /* Debugging.swift */,
				89B8F4F61C0F2810007BCE22 /* EdgeInsets.swift */,
				89B8F4F71C0F2810007BCE22 /* LayoutConstraint.swift */,
				89B8F4F81C0F2810007BCE22 /* SnapKit.h */,
				89B8F4F91C0F2810007BCE22 /* SnapKit.swift */,
				89B8F4FA1C0F2810007BCE22 /* View+SnapKit.swift */,
				89B8F4FB1C0F2810007BCE22 /* ViewController+SnapKit.swift */,
			);
			path = Lib;
			sourceTree = "<group>";
		};
/* End PBXGroup section */

/* Begin PBXNativeTarget section */
		894810901B364EED004A3F73 /* CFPPTView */ = {
			isa = PBXNativeTarget;
			buildConfigurationList = 894810B01B364EEE004A3F73 /* Build configuration list for PBXNativeTarget "CFPPTView" */;
			buildPhases = (
				8948108D1B364EED004A3F73 /* Sources */,
				8948108E1B364EED004A3F73 /* Frameworks */,
				8948108F1B364EED004A3F73 /* Resources */,
			);
			buildRules = (
			);
			dependencies = (
			);
			name = CFPPTView;
			productName = CFPPTView;
			productReference = 894810911B364EED004A3F73 /* CFPPTView.app */;
			productType = "com.apple.product-type.application";
		};
		894810A51B364EEE004A3F73 /* CFPPTViewTests */ = {
			isa = PBXNativeTarget;
			buildConfigurationList = 894810B31B364EEE004A3F73 /* Build configuration list for PBXNativeTarget "CFPPTViewTests" */;
			buildPhases = (
				894810A21B364EEE004A3F73 /* Sources */,
				894810A31B364EEE004A3F73 /* Frameworks */,
				894810A41B364EEE004A3F73 /* Resources */,
			);
			buildRules = (
			);
			dependencies = (
				894810A81B364EEE004A3F73 /* PBXTargetDependency */,
			);
			name = CFPPTViewTests;
			productName = CFPPTViewTests;
			productReference = 894810A61B364EEE004A3F73 /* CFPPTViewTests.xctest */;
			productType = "com.apple.product-type.bundle.unit-test";
		};
/* End PBXNativeTarget section */

/* Begin PBXProject section */
		894810891B364EED004A3F73 /* Project object */ = {
			isa = PBXProject;
			attributes = {
				LastSwiftMigration = 0700;
				LastSwiftUpdateCheck = 0700;
				LastUpgradeCheck = 0700;
				ORGANIZATIONNAME = "冯成林";
				TargetAttributes = {
					894810901B364EED004A3F73 = {
						CreatedOnToolsVersion = 6.3;
					};
					894810A51B364EEE004A3F73 = {
						CreatedOnToolsVersion = 6.3;
						TestTargetID = 894810901B364EED004A3F73;
					};
				};
			};
			buildConfigurationList = 8948108C1B364EED004A3F73 /* Build configuration list for PBXProject "CFPPTView" */;
			compatibilityVersion = "Xcode 3.2";
			developmentRegion = English;
			hasScannedForEncodings = 0;
			knownRegions = (
				en,
				Base,
			);
			mainGroup = 894810881B364EED004A3F73;
			productRefGroup = 894810921B364EED004A3F73 /* Products */;
			projectDirPath = "";
			projectRoot = "";
			targets = (
				894810901B364EED004A3F73 /* CFPPTView */,
				894810A51B364EEE004A3F73 /* CFPPTViewTests */,
			);
		};
/* End PBXProject section */

/* Begin PBXResourcesBuildPhase section */
		8948108F1B364EED004A3F73 /* Resources */ = {
			isa = PBXResourcesBuildPhase;
			buildActionMask = 2147483647;
			files = (
				894C81141B366ABD0040345C /* local2.png in Resources */,
				8901BDF71C114640004F7E81 /* CFPPTView.bundle in Resources */,
				894C81151B366ABD0040345C /* local3.png in Resources */,
				8948109C1B364EED004A3F73 /* Main.storyboard in Resources */,
				894C811B1B3678ED0040345C /* local4.png in Resources */,
				894810A11B364EED004A3F73 /* LaunchScreen.xib in Resources */,
				894C81131B366ABD0040345C /* local1.png in Resources */,
				89A402541B54A9E5004CE7EB /* show2.gif in Resources */,
				8948109E1B364EED004A3F73 /* Images.xcassets in Resources */,
			);
			runOnlyForDeploymentPostprocessing = 0;
		};
		894810A41B364EEE004A3F73 /* Resources */ = {
			isa = PBXResourcesBuildPhase;
			buildActionMask = 2147483647;
			files = (
			);
			runOnlyForDeploymentPostprocessing = 0;
		};
/* End PBXResourcesBuildPhase section */

/* Begin PBXSourcesBuildPhase section */
		8948108D1B364EED004A3F73 /* Sources */ = {
			isa = PBXSourcesBuildPhase;
			buildActionMask = 2147483647;
			files = (
				89B8F5041C0F2810007BCE22 /* EdgeInsets.swift in Sources */,
				89B8F4FE1C0F2810007BCE22 /* ConstraintAttributes.swift in Sources */,
				8901BDDE1C114490004F7E81 /* YYCache.m in Sources */,
				8916BE7F1B36D2C100F16E22 /* CorePageControl.m in Sources */,
				8901BDE71C114490004F7E81 /* UIImageView+YYWebImage.m in Sources */,
				8901BDEA1C114490004F7E81 /* YYImage.m in Sources */,
				8901BDEB1C114490004F7E81 /* YYImageCoder.m in Sources */,
				89B8F5011C0F2810007BCE22 /* ConstraintMaker.swift in Sources */,
				89B8F5031C0F2810007BCE22 /* Debugging.swift in Sources */,
				8901BDE31C114490004F7E81 /* CALayer+YYWebImage.m in Sources */,
				894C810D1B36634E0040345C /* PPTDataModel.swift in Sources */,
				8901BDE11C114490004F7E81 /* YYMemoryCache.m in Sources */,
				894810991B364EED004A3F73 /* ViewController.swift in Sources */,
				8901BDE91C114490004F7E81 /* YYFrameImage.m in Sources */,
				89B8F4FC1C0F2810007BCE22 /* CFSnapKit.swift in Sources */,
				894810971B364EED004A3F73 /* AppDelegate.swift in Sources */,
				894810F01B364F36004A3F73 /* PPTScrollView.swift in Sources */,
				89B8F5071C0F2810007BCE22 /* View+SnapKit.swift in Sources */,
				8901BDE61C114490004F7E81 /* UIImage+YYWebImage.m in Sources */,
				8901BDEF1C114490004F7E81 /* YYWebImageOperation.m in Sources */,
				8916BE801B36D2C100F16E22 /* SMPageControl.m in Sources */,
				89B8F4FD1C0F2810007BCE22 /* Constraint.swift in Sources */,
				89B8F5051C0F2810007BCE22 /* LayoutConstraint.swift in Sources */,
				894C810B1B365FF70040345C /* PPTType.swift in Sources */,
				8901BDE41C114490004F7E81 /* MKAnnotationView+YYWebImage.m in Sources */,
				8901BDEC1C114490004F7E81 /* YYSpriteSheetImage.m in Sources */,
				8901BDE81C114490004F7E81 /* YYAnimatedImageView.m in Sources */,
				89B8F5061C0F2810007BCE22 /* SnapKit.swift in Sources */,
				89B8F5001C0F2810007BCE22 /* ConstraintItem.swift in Sources */,
				8901BDEE1C114490004F7E81 /* YYWebImageManager.m in Sources */,
				8901BDE21C114490004F7E81 /* _YYWebImageSetter.m in Sources */,
				8916BE851B36D41B00F16E22 /* PPTPageControl.swift in Sources */,
				8901BDDD1C114490004F7E81 /* UIImageView+CoreYYWebImage.m in Sources */,
				89B8F5081C0F2810007BCE22 /* ViewController+SnapKit.swift in Sources */,
				8901BDE51C114490004F7E81 /* UIButton+YYWebImage.m in Sources */,
				8901BDED1C114490004F7E81 /* YYImageCache.m in Sources */,
				89B8F5021C0F2810007BCE22 /* ConstraintRelation.swift in Sources */,
				8901BDDF1C114490004F7E81 /* YYDiskCache.m in Sources */,
				894810EF1B364F36004A3F73 /* CFPPTView.swift in Sources */,
				8901BDE01C114490004F7E81 /* YYKVStorage.m in Sources */,
				89B8F4FF1C0F2810007BCE22 /* ConstraintDescription.swift in Sources */,
			);
			runOnlyForDeploymentPostprocessing = 0;
		};
		894810A21B364EEE004A3F73 /* Sources */ = {
			isa = PBXSourcesBuildPhase;
			buildActionMask = 2147483647;
			files = (
				894810AD1B364EEE004A3F73 /* CFPPTViewTests.swift in Sources */,
			);
			runOnlyForDeploymentPostprocessing = 0;
		};
/* End PBXSourcesBuildPhase section */

/* Begin PBXTargetDependency section */
		894810A81B364EEE004A3F73 /* PBXTargetDependency */ = {
			isa = PBXTargetDependency;
			target = 894810901B364EED004A3F73 /* CFPPTView */;
			targetProxy = 894810A71B364EEE004A3F73 /* PBXContainerItemProxy */;
		};
/* End PBXTargetDependency section */

/* Begin PBXVariantGroup section */
		8948109A1B364EED004A3F73 /* Main.storyboard */ = {
			isa = PBXVariantGroup;
			children = (
				8948109B1B364EED004A3F73 /* Base */,
			);
			name = Main.storyboard;
			sourceTree = "<group>";
		};
		8948109F1B364EED004A3F73 /* LaunchScreen.xib */ = {
			isa = PBXVariantGroup;
			children = (
				894810A01B364EED004A3F73 /* Base */,
			);
			name = LaunchScreen.xib;
			sourceTree = "<group>";
		};
/* End PBXVariantGroup section */

/* Begin XCBuildConfiguration section */
		894810AE1B364EEE004A3F73 /* Debug */ = {
			isa = XCBuildConfiguration;
			buildSettings = {
				ALWAYS_SEARCH_USER_PATHS = NO;
				CLANG_CXX_LANGUAGE_STANDARD = "gnu++0x";
				CLANG_CXX_LIBRARY = "libc++";
				CLANG_ENABLE_MODULES = YES;
				CLANG_ENABLE_OBJC_ARC = YES;
				CLANG_WARN_BOOL_CONVERSION = YES;
				CLANG_WARN_CONSTANT_CONVERSION = YES;
				CLANG_WARN_DIRECT_OBJC_ISA_USAGE = YES_ERROR;
				CLANG_WARN_EMPTY_BODY = YES;
				CLANG_WARN_ENUM_CONVERSION = YES;
				CLANG_WARN_INT_CONVERSION = YES;
				CLANG_WARN_OBJC_ROOT_CLASS = YES_ERROR;
				CLANG_WARN_UNREACHABLE_CODE = YES;
				CLANG_WARN__DUPLICATE_METHOD_MATCH = YES;
				"CODE_SIGN_IDENTITY[sdk=iphoneos*]" = "iPhone Developer";
				COPY_PHASE_STRIP = NO;
				DEBUG_INFORMATION_FORMAT = "dwarf-with-dsym";
				ENABLE_STRICT_OBJC_MSGSEND = YES;
				ENABLE_TESTABILITY = YES;
				GCC_C_LANGUAGE_STANDARD = gnu99;
				GCC_DYNAMIC_NO_PIC = NO;
				GCC_NO_COMMON_BLOCKS = YES;
				GCC_OPTIMIZATION_LEVEL = 0;
				GCC_PREPROCESSOR_DEFINITIONS = (
					"DEBUG=1",
					"$(inherited)",
				);
				GCC_SYMBOLS_PRIVATE_EXTERN = NO;
				GCC_WARN_64_TO_32_BIT_CONVERSION = YES;
				GCC_WARN_ABOUT_RETURN_TYPE = YES_ERROR;
				GCC_WARN_UNDECLARED_SELECTOR = YES;
				GCC_WARN_UNINITIALIZED_AUTOS = YES_AGGRESSIVE;
				GCC_WARN_UNUSED_FUNCTION = YES;
				GCC_WARN_UNUSED_VARIABLE = YES;
				IPHONEOS_DEPLOYMENT_TARGET = 8.3;
				MTL_ENABLE_DEBUG_INFO = YES;
				ONLY_ACTIVE_ARCH = YES;
				SDKROOT = iphoneos;
				SWIFT_OPTIMIZATION_LEVEL = "-Onone";
			};
			name = Debug;
		};
		894810AF1B364EEE004A3F73 /* Release */ = {
			isa = XCBuildConfiguration;
			buildSettings = {
				ALWAYS_SEARCH_USER_PATHS = NO;
				CLANG_CXX_LANGUAGE_STANDARD = "gnu++0x";
				CLANG_CXX_LIBRARY = "libc++";
				CLANG_ENABLE_MODULES = YES;
				CLANG_ENABLE_OBJC_ARC = YES;
				CLANG_WARN_BOOL_CONVERSION = YES;
				CLANG_WARN_CONSTANT_CONVERSION = YES;
				CLANG_WARN_DIRECT_OBJC_ISA_USAGE = YES_ERROR;
				CLANG_WARN_EMPTY_BODY = YES;
				CLANG_WARN_ENUM_CONVERSION = YES;
				CLANG_WARN_INT_CONVERSION = YES;
				CLANG_WARN_OBJC_ROOT_CLASS = YES_ERROR;
				CLANG_WARN_UNREACHABLE_CODE = YES;
				CLANG_WARN__DUPLICATE_METHOD_MATCH = YES;
				"CODE_SIGN_IDENTITY[sdk=iphoneos*]" = "iPhone Developer";
				COPY_PHASE_STRIP = NO;
				DEBUG_INFORMATION_FORMAT = "dwarf-with-dsym";
				ENABLE_NS_ASSERTIONS = NO;
				ENABLE_STRICT_OBJC_MSGSEND = YES;
				GCC_C_LANGUAGE_STANDARD = gnu99;
				GCC_NO_COMMON_BLOCKS = YES;
				GCC_WARN_64_TO_32_BIT_CONVERSION = YES;
				GCC_WARN_ABOUT_RETURN_TYPE = YES_ERROR;
				GCC_WARN_UNDECLARED_SELECTOR = YES;
				GCC_WARN_UNINITIALIZED_AUTOS = YES_AGGRESSIVE;
				GCC_WARN_UNUSED_FUNCTION = YES;
				GCC_WARN_UNUSED_VARIABLE = YES;
				IPHONEOS_DEPLOYMENT_TARGET = 8.3;
				MTL_ENABLE_DEBUG_INFO = NO;
				SDKROOT = iphoneos;
				VALIDATE_PRODUCT = YES;
			};
			name = Release;
		};
		894810B11B364EEE004A3F73 /* Debug */ = {
			isa = XCBuildConfiguration;
			buildSettings = {
				ASSETCATALOG_COMPILER_APPICON_NAME = AppIcon;
				ASSETCATALOG_COMPILER_LAUNCHIMAGE_NAME = LaunchImage;
				INFOPLIST_FILE = CFPPTView/Info.plist;
				IPHONEOS_DEPLOYMENT_TARGET = 7.0;
				LD_RUNPATH_SEARCH_PATHS = "$(inherited) @executable_path/Frameworks";
				PRODUCT_BUNDLE_IDENTIFIER = "HM.$(PRODUCT_NAME:rfc1034identifier)";
				PRODUCT_NAME = "$(TARGET_NAME)";
				SWIFT_OBJC_BRIDGING_HEADER = "$(SRCROOT)/$(TARGET_NAME)/oc.h";
				"SWIFT_OPTIMIZATION_LEVEL[arch=*]" = "-Onone";
			};
			name = Debug;
		};
		894810B21B364EEE004A3F73 /* Release */ = {
			isa = XCBuildConfiguration;
			buildSettings = {
				ASSETCATALOG_COMPILER_APPICON_NAME = AppIcon;
				ASSETCATALOG_COMPILER_LAUNCHIMAGE_NAME = LaunchImage;
				INFOPLIST_FILE = CFPPTView/Info.plist;
				IPHONEOS_DEPLOYMENT_TARGET = 7.0;
				LD_RUNPATH_SEARCH_PATHS = "$(inherited) @executable_path/Frameworks";
				PRODUCT_BUNDLE_IDENTIFIER = "HM.$(PRODUCT_NAME:rfc1034identifier)";
				PRODUCT_NAME = "$(TARGET_NAME)";
				SWIFT_OBJC_BRIDGING_HEADER = "$(SRCROOT)/$(TARGET_NAME)/oc.h";
			};
			name = Release;
		};
		894810B41B364EEE004A3F73 /* Debug */ = {
			isa = XCBuildConfiguration;
			buildSettings = {
				BUNDLE_LOADER = "$(TEST_HOST)";
				FRAMEWORK_SEARCH_PATHS = (
					"$(SDKROOT)/Developer/Library/Frameworks",
					"$(inherited)",
				);
				GCC_PREPROCESSOR_DEFINITIONS = (
					"DEBUG=1",
					"$(inherited)",
				);
				INFOPLIST_FILE = CFPPTViewTests/Info.plist;
				LD_RUNPATH_SEARCH_PATHS = "$(inherited) @executable_path/Frameworks @loader_path/Frameworks";
				PRODUCT_BUNDLE_IDENTIFIER = "HM.$(PRODUCT_NAME:rfc1034identifier)";
				PRODUCT_NAME = "$(TARGET_NAME)";
				TEST_HOST = "$(BUILT_PRODUCTS_DIR)/CFPPTView.app/CFPPTView";
			};
			name = Debug;
		};
		894810B51B364EEE004A3F73 /* Release */ = {
			isa = XCBuildConfiguration;
			buildSettings = {
				BUNDLE_LOADER = "$(TEST_HOST)";
				FRAMEWORK_SEARCH_PATHS = (
					"$(SDKROOT)/Developer/Library/Frameworks",
					"$(inherited)",
				);
				INFOPLIST_FILE = CFPPTViewTests/Info.plist;
				LD_RUNPATH_SEARCH_PATHS = "$(inherited) @executable_path/Frameworks @loader_path/Frameworks";
				PRODUCT_BUNDLE_IDENTIFIER = "HM.$(PRODUCT_NAME:rfc1034identifier)";
				PRODUCT_NAME = "$(TARGET_NAME)";
				TEST_HOST = "$(BUILT_PRODUCTS_DIR)/CFPPTView.app/CFPPTView";
			};
			name = Release;
		};
/* End XCBuildConfiguration section */

/* Begin XCConfigurationList section */
		8948108C1B364EED004A3F73 /* Build configuration list for PBXProject "CFPPTView" */ = {
			isa = XCConfigurationList;
			buildConfigurations = (
				894810AE1B364EEE004A3F73 /* Debug */,
				894810AF1B364EEE004A3F73 /* Release */,
			);
			defaultConfigurationIsVisible = 0;
			defaultConfigurationName = Release;
		};
		894810B01B364EEE004A3F73 /* Build configuration list for PBXNativeTarget "CFPPTView" */ = {
			isa = XCConfigurationList;
			buildConfigurations = (
				894810B11B364EEE004A3F73 /* Debug */,
				894810B21B364EEE004A3F73 /* Release */,
			);
			defaultConfigurationIsVisible = 0;
			defaultConfigurationName = Release;
		};
		894810B31B364EEE004A3F73 /* Build configuration list for PBXNativeTarget "CFPPTViewTests" */ = {
			isa = XCConfigurationList;
			buildConfigurations = (
				894810B41B364EEE004A3F73 /* Debug */,
				894810B51B364EEE004A3F73 /* Release */,
			);
			defaultConfigurationIsVisible = 0;
			defaultConfigurationName = Release;
		};
/* End XCConfigurationList section */
	};
	rootObject = 894810891B364EED004A3F73 /* Project object */;
}
